
Microsoft Visual Studio Solution File, Format Version 12.00
# Visual Studio 14
VisualStudioVersion = 14.0.25123.0
MinimumVisualStudioVersion = 10.0.40219.1
Project("{45C64514-61CC-48AE-A289-5D5F908E8326}") = "Sitecore.Support.119704", "Sitecore.Support.119704\Sitecore.Support.119704.csproj", "{FBD814CB-0C44-4200-93AF-CBBA91E39140}"
EndProject
Global
	GlobalSection(SolutionConfigurationPlatforms) = preSolution
		Debug|Any CPU = Debug|Any CPU
		Release|Any CPU = Release|Any CPU
	EndGlobalSection
	GlobalSection(ProjectConfigurationPlatforms) = postSolution
		{FBD814CB-0C44-4200-93AF-CBBA91E39140}.Debug|Any CPU.ActiveCfg = Debug|Any CPU
		{FBD814CB-0C44-4200-93AF-CBBA91E39140}.Debug|Any CPU.Build.0 = Debug|Any CPU
		{FBD814CB-0C44-4200-93AF-CBBA91E39140}.Release|Any CPU.ActiveCfg = Release|Any CPU
		{FBD814CB-0C44-4200-93AF-CBBA91E39140}.Release|Any CPU.Build.0 = Release|Any CPU
	EndGlobalSection
	GlobalSection(SolutionProperties) = preSolution
		HideSolutionNode = FALSE
	EndGlobalSection
EndGlobal
